
Microsoft Visual Studio Solution File, Format Version 12.00
# Visual Studio Version 16
VisualStudioVersion = 16.0.29905.134
MinimumVisualStudioVersion = 10.0.40219.1
Project("{FAE04EC0-301F-11D3-BF4B-00C04F79EFBC}") = "Falcon_Bug_Tracker", "Falcon_Bug_Tracker.csproj", "{7FA8593F-0F09-4867-8711-6E0513DBEBC0}"
EndProject
Global
	GlobalSection(SolutionConfigurationPlatforms) = preSolution
		Debug|Any CPU = Debug|Any CPU
		Release|Any CPU = Release|Any CPU
	EndGlobalSection
	GlobalSection(ProjectConfigurationPlatforms) = postSolution
		{7FA8593F-0F09-4867-8711-6E0513DBEBC0}.Debug|Any CPU.ActiveCfg = Debug|Any CPU
		{7FA8593F-0F09-4867-8711-6E0513DBEBC0}.Debug|Any CPU.Build.0 = Debug|Any CPU
		{7FA8593F-0F09-4867-8711-6E0513DBEBC0}.Release|Any CPU.ActiveCfg = Release|Any CPU
		{7FA8593F-0F09-4867-8711-6E0513DBEBC0}.Release|Any CPU.Build.0 = Release|Any CPU
	EndGlobalSection
	GlobalSection(SolutionProperties) = preSolution
		HideSolutionNode = FALSE
	EndGlobalSection
	GlobalSection(ExtensibilityGlobals) = postSolution
		SolutionGuid = {7DA061D7-22BC-45D1-80C7-57D4AC4C08C6}
	EndGlobalSection
EndGlobal
